
Microsoft Visual Studio Solution File, Format Version 12.00
# Visual Studio Version 16
VisualStudioVersion = 25.0.1705.4
MinimumVisualStudioVersion = 10.0.40219.1
Project("{FAE04EC0-301F-11D3-BF4B-00C04F79EFBC}") = "Lists&ArraysPractice", "Lists&ArraysPractive\Lists&ArraysPractice.csproj", "{C8A801FA-0113-4241-B6DB-76DA0005FAE0}"
EndProject
Global
	GlobalSection(SolutionConfigurationPlatforms) = preSolution
		Debug|Any CPU = Debug|Any CPU
		Release|Any CPU = Release|Any CPU
	EndGlobalSection
	GlobalSection(ProjectConfigurationPlatforms) = postSolution
		{C8A801FA-0113-4241-B6DB-76DA0005FAE0}.Debug|Any CPU.ActiveCfg = Debug|Any CPU
		{C8A801FA-0113-4241-B6DB-76DA0005FAE0}.Debug|Any CPU.Build.0 = Debug|Any CPU
		{C8A801FA-0113-4241-B6DB-76DA0005FAE0}.Release|Any CPU.ActiveCfg = Release|Any CPU
		{C8A801FA-0113-4241-B6DB-76DA0005FAE0}.Release|Any CPU.Build.0 = Release|Any CPU
	EndGlobalSection
	GlobalSection(SolutionProperties) = preSolution
		HideSolutionNode = FALSE
	EndGlobalSection
	GlobalSection(ExtensibilityGlobals) = postSolution
		SolutionGuid = {FB768E91-76FA-41C6-BD6E-F339EB74AD80}
	EndGlobalSection
EndGlobal
